
Microsoft Visual Studio Solution File, Format Version 12.00
# Visual Studio Version 17
VisualStudioVersion = 17.11.35327.3
MinimumVisualStudioVersion = 10.0.40219.1
Project("{FAE04EC0-301F-11D3-BF4B-00C04F79EFBC}") = "NimapProject", "NimapProject\NimapProject.csproj", "{A1992AF1-FEF3-4263-A6DB-7BF78B1B5500}"
EndProject
Global
	GlobalSection(SolutionConfigurationPlatforms) = preSolution
		Debug|Any CPU = Debug|Any CPU
		Release|Any CPU = Release|Any CPU
	EndGlobalSection
	GlobalSection(ProjectConfigurationPlatforms) = postSolution
		{A1992AF1-FEF3-4263-A6DB-7BF78B1B5500}.Debug|Any CPU.ActiveCfg = Debug|Any CPU
		{A1992AF1-FEF3-4263-A6DB-7BF78B1B5500}.Debug|Any CPU.Build.0 = Debug|Any CPU
		{A1992AF1-FEF3-4263-A6DB-7BF78B1B5500}.Release|Any CPU.ActiveCfg = Release|Any CPU
		{A1992AF1-FEF3-4263-A6DB-7BF78B1B5500}.Release|Any CPU.Build.0 = Release|Any CPU
	EndGlobalSection
	GlobalSection(SolutionProperties) = preSolution
		HideSolutionNode = FALSE
	EndGlobalSection
	GlobalSection(ExtensibilityGlobals) = postSolution
		SolutionGuid = {949AB382-9DB7-40B7-A200-7BDFC2249392}
	EndGlobalSection
EndGlobal
